// !$*UTF8*$!
{
	archiveVersion = 1;
	classes = {
	};
	objectVersion = 46;
	objects = {

/* Begin PBXBuildFile section */
		467629E81D96FD5800CE5596 /* CreateAccountViewController.swift in Sources */ = {isa = PBXBuildFile; fileRef = 467629E71D96FD5800CE5596 /* CreateAccountViewController.swift */; };
		C73E10871D8E417D008E475F /* AppDelegate.swift in Sources */ = {isa = PBXBuildFile; fileRef = C73E10861D8E417D008E475F /* AppDelegate.swift */; };
		C73E10891D8E417D008E475F /* MainViewController.swift in Sources */ = {isa = PBXBuildFile; fileRef = C73E10881D8E417D008E475F /* MainViewController.swift */; };
		C73E108C1D8E417D008E475F /* Main.storyboard in Resources */ = {isa = PBXBuildFile; fileRef = C73E108A1D8E417D008E475F /* Main.storyboard */; };
		C73E108F1D8E417D008E475F /* RentWorks.xcdatamodeld in Sources */ = {isa = PBXBuildFile; fileRef = C73E108D1D8E417D008E475F /* RentWorks.xcdatamodeld */; };
		C73E10911D8E417D008E475F /* Assets.xcassets in Resources */ = {isa = PBXBuildFile; fileRef = C73E10901D8E417D008E475F /* Assets.xcassets */; };
		C73E10941D8E417D008E475F /* LaunchScreen.storyboard in Resources */ = {isa = PBXBuildFile; fileRef = C73E10921D8E417D008E475F /* LaunchScreen.storyboard */; };
		C73E109F1D8E417D008E475F /* RentWorksTests.swift in Sources */ = {isa = PBXBuildFile; fileRef = C73E109E1D8E417D008E475F /* RentWorksTests.swift */; };
		C73E10AA1D8E417D008E475F /* RentWorksUITests.swift in Sources */ = {isa = PBXBuildFile; fileRef = C73E10A91D8E417D008E475F /* RentWorksUITests.swift */; };
/* End PBXBuildFile section */

/* Begin PBXContainerItemProxy section */
		C73E109B1D8E417D008E475F /* PBXContainerItemProxy */ = {
			isa = PBXContainerItemProxy;
			containerPortal = C73E107B1D8E417D008E475F /* Project object */;
			proxyType = 1;
			remoteGlobalIDString = C73E10821D8E417D008E475F;
			remoteInfo = RentWorks;
		};
		C73E10A61D8E417D008E475F /* PBXContainerItemProxy */ = {
			isa = PBXContainerItemProxy;
			containerPortal = C73E107B1D8E417D008E475F /* Project object */;
			proxyType = 1;
			remoteGlobalIDString = C73E10821D8E417D008E475F;
			remoteInfo = RentWorks;
		};
/* End PBXContainerItemProxy section */

/* Begin PBXFileReference section */
		467629E71D96FD5800CE5596 /* CreateAccountViewController.swift */ = {isa = PBXFileReference; fileEncoding = 4; lastKnownFileType = sourcecode.swift; path = CreateAccountViewController.swift; sourceTree = "<group>"; };
		C73E10831D8E417D008E475F /* RentWorks.app */ = {isa = PBXFileReference; explicitFileType = wrapper.application; includeInIndex = 0; path = RentWorks.app; sourceTree = BUILT_PRODUCTS_DIR; };
		C73E10861D8E417D008E475F /* AppDelegate.swift */ = {isa = PBXFileReference; lastKnownFileType = sourcecode.swift; path = AppDelegate.swift; sourceTree = "<group>"; };
		C73E10881D8E417D008E475F /* MainViewController.swift */ = {isa = PBXFileReference; lastKnownFileType = sourcecode.swift; path = MainViewController.swift; sourceTree = "<group>"; };
		C73E108B1D8E417D008E475F /* Base */ = {isa = PBXFileReference; lastKnownFileType = file.storyboard; name = Base; path = Base.lproj/Main.storyboard; sourceTree = "<group>"; };
		C73E108E1D8E417D008E475F /* RentWorks.xcdatamodel */ = {isa = PBXFileReference; lastKnownFileType = wrapper.xcdatamodel; path = RentWorks.xcdatamodel; sourceTree = "<group>"; };
		C73E10901D8E417D008E475F /* Assets.xcassets */ = {isa = PBXFileReference; lastKnownFileType = folder.assetcatalog; path = Assets.xcassets; sourceTree = "<group>"; };
		C73E10931D8E417D008E475F /* Base */ = {isa = PBXFileReference; lastKnownFileType = file.storyboard; name = Base; path = Base.lproj/LaunchScreen.storyboard; sourceTree = "<group>"; };
		C73E10951D8E417D008E475F /* Info.plist */ = {isa = PBXFileReference; lastKnownFileType = text.plist.xml; path = Info.plist; sourceTree = "<group>"; };
		C73E109A1D8E417D008E475F /* RentWorksTests.xctest */ = {isa = PBXFileReference; explicitFileType = wrapper.cfbundle; includeInIndex = 0; path = RentWorksTests.xctest; sourceTree = BUILT_PRODUCTS_DIR; };
		C73E109E1D8E417D008E475F /* RentWorksTests.swift */ = {isa = PBXFileReference; lastKnownFileType = sourcecode.swift; path = RentWorksTests.swift; sourceTree = "<group>"; };
		C73E10A01D8E417D008E475F /* Info.plist */ = {isa = PBXFileReference; lastKnownFileType = text.plist.xml; path = Info.plist; sourceTree = "<group>"; };
		C73E10A51D8E417D008E475F /* RentWorksUITests.xctest */ = {isa = PBXFileReference; explicitFileType = wrapper.cfbundle; includeInIndex = 0; path = RentWorksUITests.xctest; sourceTree = BUILT_PRODUCTS_DIR; };
		C73E10A91D8E417D008E475F /* RentWorksUITests.swift */ = {isa = PBXFileReference; lastKnownFileType = sourcecode.swift; path = RentWorksUITests.swift; sourceTree = "<group>"; };
		C73E10AB1D8E417D008E475F /* Info.plist */ = {isa = PBXFileReference; lastKnownFileType = text.plist.xml; path = Info.plist; sourceTree = "<group>"; };
/* End PBXFileReference section */

/* Begin PBXFrameworksBuildPhase section */
		C73E10801D8E417D008E475F /* Frameworks */ = {
			isa = PBXFrameworksBuildPhase;
			buildActionMask = 2147483647;
			files = (
			);
			runOnlyForDeploymentPostprocessing = 0;
		};
		C73E10971D8E417D008E475F /* Frameworks */ = {
			isa = PBXFrameworksBuildPhase;
			buildActionMask = 2147483647;
			files = (
			);
			runOnlyForDeploymentPostprocessing = 0;
		};
		C73E10A21D8E417D008E475F /* Frameworks */ = {
			isa = PBXFrameworksBuildPhase;
			buildActionMask = 2147483647;
			files = (
			);
			runOnlyForDeploymentPostprocessing = 0;
		};
/* End PBXFrameworksBuildPhase section */

/* Begin PBXGroup section */
		C73E107A1D8E417D008E475F = {
			isa = PBXGroup;
			children = (
				C73E10851D8E417D008E475F /* RentWorks */,
				C73E109D1D8E417D008E475F /* RentWorksTests */,
				C73E10A81D8E417D008E475F /* RentWorksUITests */,
				C73E10841D8E417D008E475F /* Products */,
			);
			sourceTree = "<group>";
		};
		C73E10841D8E417D008E475F /* Products */ = {
			isa = PBXGroup;
			children = (
				C73E10831D8E417D008E475F /* RentWorks.app */,
				C73E109A1D8E417D008E475F /* RentWorksTests.xctest */,
				C73E10A51D8E417D008E475F /* RentWorksUITests.xctest */,
			);
			name = Products;
			sourceTree = "<group>";
		};
		C73E10851D8E417D008E475F /* RentWorks */ = {
			isa = PBXGroup;
			children = (
				C73E10BA1D8E4313008E475F /* Model */,
				C73E10B91D8E4310008E475F /* View */,
				C73E10B71D8E4303008E475F /* Controller */,
				C73E10BB1D8E449C008E475F /* Helper Classes */,
				C73E10B81D8E4308008E475F /* Supporting Files */,
			);
			path = RentWorks;
			sourceTree = "<group>";
		};
		C73E109D1D8E417D008E475F /* RentWorksTests */ = {
			isa = PBXGroup;
			children = (
				C73E109E1D8E417D008E475F /* RentWorksTests.swift */,
				C73E10A01D8E417D008E475F /* Info.plist */,
			);
			path = RentWorksTests;
			sourceTree = "<group>";
		};
		C73E10A81D8E417D008E475F /* RentWorksUITests */ = {
			isa = PBXGroup;
			children = (
				C73E10A91D8E417D008E475F /* RentWorksUITests.swift */,
				C73E10AB1D8E417D008E475F /* Info.plist */,
			);
			path = RentWorksUITests;
			sourceTree = "<group>";
		};
		C73E10B71D8E4303008E475F /* Controller */ = {
			isa = PBXGroup;
			children = (
				C73E10861D8E417D008E475F /* AppDelegate.swift */,
				467629E71D96FD5800CE5596 /* CreateAccountViewController.swift */,
				C73E10881D8E417D008E475F /* MainViewController.swift */,
			);
			name = Controller;
			sourceTree = "<group>";
		};
		C73E10B81D8E4308008E475F /* Supporting Files */ = {
			isa = PBXGroup;
			children = (
				C73E10901D8E417D008E475F /* Assets.xcassets */,
				C73E10951D8E417D008E475F /* Info.plist */,
			);
			name = "Supporting Files";
			sourceTree = "<group>";
		};
		C73E10B91D8E4310008E475F /* View */ = {
			isa = PBXGroup;
			children = (
				C73E108A1D8E417D008E475F /* Main.storyboard */,
				C73E10921D8E417D008E475F /* LaunchScreen.storyboard */,
			);
			name = View;
			sourceTree = "<group>";
		};
		C73E10BA1D8E4313008E475F /* Model */ = {
			isa = PBXGroup;
			children = (
				C73E108D1D8E417D008E475F /* RentWorks.xcdatamodeld */,
			);
			name = Model;
			sourceTree = "<group>";
		};
		C73E10BB1D8E449C008E475F /* Helper Classes */ = {
			isa = PBXGroup;
			children = (
			);
			name = "Helper Classes";
			sourceTree = "<group>";
		};
/* End PBXGroup section */

/* Begin PBXNativeTarget section */
		C73E10821D8E417D008E475F /* RentWorks */ = {
			isa = PBXNativeTarget;
			buildConfigurationList = C73E10AE1D8E417D008E475F /* Build configuration list for PBXNativeTarget "RentWorks" */;
			buildPhases = (
				C73E107F1D8E417D008E475F /* Sources */,
				C73E10801D8E417D008E475F /* Frameworks */,
				C73E10811D8E417D008E475F /* Resources */,
			);
			buildRules = (
			);
			dependencies = (
			);
			name = RentWorks;
			productName = RentWorks;
			productReference = C73E10831D8E417D008E475F /* RentWorks.app */;
			productType = "com.apple.product-type.application";
		};
		C73E10991D8E417D008E475F /* RentWorksTests */ = {
			isa = PBXNativeTarget;
			buildConfigurationList = C73E10B11D8E417D008E475F /* Build configuration list for PBXNativeTarget "RentWorksTests" */;
			buildPhases = (
				C73E10961D8E417D008E475F /* Sources */,
				C73E10971D8E417D008E475F /* Frameworks */,
				C73E10981D8E417D008E475F /* Resources */,
			);
			buildRules = (
			);
			dependencies = (
				C73E109C1D8E417D008E475F /* PBXTargetDependency */,
			);
			name = RentWorksTests;
			productName = RentWorksTests;
			productReference = C73E109A1D8E417D008E475F /* RentWorksTests.xctest */;
			productType = "com.apple.product-type.bundle.unit-test";
		};
		C73E10A41D8E417D008E475F /* RentWorksUITests */ = {
			isa = PBXNativeTarget;
			buildConfigurationList = C73E10B41D8E417D008E475F /* Build configuration list for PBXNativeTarget "RentWorksUITests" */;
			buildPhases = (
				C73E10A11D8E417D008E475F /* Sources */,
				C73E10A21D8E417D008E475F /* Frameworks */,
				C73E10A31D8E417D008E475F /* Resources */,
			);
			buildRules = (
			);
			dependencies = (
				C73E10A71D8E417D008E475F /* PBXTargetDependency */,
			);
			name = RentWorksUITests;
			productName = RentWorksUITests;
			productReference = C73E10A51D8E417D008E475F /* RentWorksUITests.xctest */;
			productType = "com.apple.product-type.bundle.ui-testing";
		};
/* End PBXNativeTarget section */

/* Begin PBXProject section */
		C73E107B1D8E417D008E475F /* Project object */ = {
			isa = PBXProject;
			attributes = {
				LastSwiftUpdateCheck = 0800;
				LastUpgradeCheck = 0800;
				ORGANIZATIONNAME = "Michael Perry";
				TargetAttributes = {
					C73E10821D8E417D008E475F = {
						CreatedOnToolsVersion = 8.0;
						ProvisioningStyle = Automatic;
					};
					C73E10991D8E417D008E475F = {
						CreatedOnToolsVersion = 8.0;
						ProvisioningStyle = Automatic;
						TestTargetID = C73E10821D8E417D008E475F;
					};
					C73E10A41D8E417D008E475F = {
						CreatedOnToolsVersion = 8.0;
						ProvisioningStyle = Automatic;
						TestTargetID = C73E10821D8E417D008E475F;
					};
				};
			};
			buildConfigurationList = C73E107E1D8E417D008E475F /* Build configuration list for PBXProject "RentWorks" */;
			compatibilityVersion = "Xcode 3.2";
			developmentRegion = English;
			hasScannedForEncodings = 0;
			knownRegions = (
				en,
				Base,
			);
			mainGroup = C73E107A1D8E417D008E475F;
			productRefGroup = C73E10841D8E417D008E475F /* Products */;
			projectDirPath = "";
			projectRoot = "";
			targets = (
				C73E10821D8E417D008E475F /* RentWorks */,
				C73E10991D8E417D008E475F /* RentWorksTests */,
				C73E10A41D8E417D008E475F /* RentWorksUITests */,
			);
		};
/* End PBXProject section */

/* Begin PBXResourcesBuildPhase section */
		C73E10811D8E417D008E475F /* Resources */ = {
			isa = PBXResourcesBuildPhase;
			buildActionMask = 2147483647;
			files = (
				C73E10941D8E417D008E475F /* LaunchScreen.storyboard in Resources */,
				C73E10911D8E417D008E475F /* Assets.xcassets in Resources */,
				C73E108C1D8E417D008E475F /* Main.storyboard in Resources */,
			);
			runOnlyForDeploymentPostprocessing = 0;
		};
		C73E10981D8E417D008E475F /* Resources */ = {
			isa = PBXResourcesBuildPhase;
			buildActionMask = 2147483647;
			files = (
			);
			runOnlyForDeploymentPostprocessing = 0;
		};
		C73E10A31D8E417D008E475F /* Resources */ = {
			isa = PBXResourcesBuildPhase;
			buildActionMask = 2147483647;
			files = (
			);
			runOnlyForDeploymentPostprocessing = 0;
		};
/* End PBXResourcesBuildPhase section */

/* Begin PBXSourcesBuildPhase section */
		C73E107F1D8E417D008E475F /* Sources */ = {
			isa = PBXSourcesBuildPhase;
			buildActionMask = 2147483647;
			files = (
				467629E81D96FD5800CE5596 /* CreateAccountViewController.swift in Sources */,
				C73E10891D8E417D008E475F /* MainViewController.swift in Sources */,
				C73E108F1D8E417D008E475F /* RentWorks.xcdatamodeld in Sources */,
				C73E10871D8E417D008E475F /* AppDelegate.swift in Sources */,
			);
			runOnlyForDeploymentPostprocessing = 0;
		};
		C73E10961D8E417D008E475F /* Sources */ = {
			isa = PBXSourcesBuildPhase;
			buildActionMask = 2147483647;
			files = (
				C73E109F1D8E417D008E475F /* RentWorksTests.swift in Sources */,
			);
			runOnlyForDeploymentPostprocessing = 0;
		};
		C73E10A11D8E417D008E475F /* Sources */ = {
			isa = PBXSourcesBuildPhase;
			buildActionMask = 2147483647;
			files = (
				C73E10AA1D8E417D008E475F /* RentWorksUITests.swift in Sources */,
			);
			runOnlyForDeploymentPostprocessing = 0;
		};
/* End PBXSourcesBuildPhase section */

/* Begin PBXTargetDependency section */
		C73E109C1D8E417D008E475F /* PBXTargetDependency */ = {
			isa = PBXTargetDependency;
			target = C73E10821D8E417D008E475F /* RentWorks */;
			targetProxy = C73E109B1D8E417D008E475F /* PBXContainerItemProxy */;
		};
		C73E10A71D8E417D008E475F /* PBXTargetDependency */ = {
			isa = PBXTargetDependency;
			target = C73E10821D8E417D008E475F /* RentWorks */;
			targetProxy = C73E10A61D8E417D008E475F /* PBXContainerItemProxy */;
		};
/* End PBXTargetDependency section */

/* Begin PBXVariantGroup section */
		C73E108A1D8E417D008E475F /* Main.storyboard */ = {
			isa = PBXVariantGroup;
			children = (
				C73E108B1D8E417D008E475F /* Base */,
			);
			name = Main.storyboard;
			sourceTree = "<group>";
		};
		C73E10921D8E417D008E475F /* LaunchScreen.storyboard */ = {
			isa = PBXVariantGroup;
			children = (
				C73E10931D8E417D008E475F /* Base */,
			);
			name = LaunchScreen.storyboard;
			sourceTree = "<group>";
		};
/* End PBXVariantGroup section */

/* Begin XCBuildConfiguration section */
		C73E10AC1D8E417D008E475F /* Debug */ = {
			isa = XCBuildConfiguration;
			buildSettings = {
				ALWAYS_SEARCH_USER_PATHS = NO;
				CLANG_ANALYZER_NONNULL = YES;
				CLANG_CXX_LANGUAGE_STANDARD = "gnu++0x";
				CLANG_CXX_LIBRARY = "libc++";
				CLANG_ENABLE_MODULES = YES;
				CLANG_ENABLE_OBJC_ARC = YES;
				CLANG_WARN_BOOL_CONVERSION = YES;
				CLANG_WARN_CONSTANT_CONVERSION = YES;
				CLANG_WARN_DIRECT_OBJC_ISA_USAGE = YES_ERROR;
				CLANG_WARN_DOCUMENTATION_COMMENTS = YES;
				CLANG_WARN_EMPTY_BODY = YES;
				CLANG_WARN_ENUM_CONVERSION = YES;
				CLANG_WARN_INFINITE_RECURSION = YES;
				CLANG_WARN_INT_CONVERSION = YES;
				CLANG_WARN_OBJC_ROOT_CLASS = YES_ERROR;
				CLANG_WARN_SUSPICIOUS_MOVES = YES;
				CLANG_WARN_UNREACHABLE_CODE = YES;
				CLANG_WARN__DUPLICATE_METHOD_MATCH = YES;
				"CODE_SIGN_IDENTITY[sdk=iphoneos*]" = "iPhone Developer";
				COPY_PHASE_STRIP = NO;
				DEBUG_INFORMATION_FORMAT = dwarf;
				ENABLE_STRICT_OBJC_MSGSEND = YES;
				ENABLE_TESTABILITY = YES;
				GCC_C_LANGUAGE_STANDARD = gnu99;
				GCC_DYNAMIC_NO_PIC = NO;
				GCC_NO_COMMON_BLOCKS = YES;
				GCC_OPTIMIZATION_LEVEL = 0;
				GCC_PREPROCESSOR_DEFINITIONS = (
					"DEBUG=1",
					"$(inherited)",
				);
				GCC_WARN_64_TO_32_BIT_CONVERSION = YES;
				GCC_WARN_ABOUT_RETURN_TYPE = YES_ERROR;
				GCC_WARN_UNDECLARED_SELECTOR = YES;
				GCC_WARN_UNINITIALIZED_AUTOS = YES_AGGRESSIVE;
				GCC_WARN_UNUSED_FUNCTION = YES;
				GCC_WARN_UNUSED_VARIABLE = YES;
				IPHONEOS_DEPLOYMENT_TARGET = 10.0;
				MTL_ENABLE_DEBUG_INFO = YES;
				ONLY_ACTIVE_ARCH = YES;
				SDKROOT = iphoneos;
				SWIFT_ACTIVE_COMPILATION_CONDITIONS = DEBUG;
				SWIFT_OPTIMIZATION_LEVEL = "-Onone";
			};
			name = Debug;
		};
		C73E10AD1D8E417D008E475F /* Release */ = {
			isa = XCBuildConfiguration;
			buildSettings = {
				ALWAYS_SEARCH_USER_PATHS = NO;
				CLANG_ANALYZER_NONNULL = YES;
				CLANG_CXX_LANGUAGE_STANDARD = "gnu++0x";
				CLANG_CXX_LIBRARY = "libc++";
				CLANG_ENABLE_MODULES = YES;
				CLANG_ENABLE_OBJC_ARC = YES;
				CLANG_WARN_BOOL_CONVERSION = YES;
				CLANG_WARN_CONSTANT_CONVERSION = YES;
				CLANG_WARN_DIRECT_OBJC_ISA_USAGE = YES_ERROR;
				CLANG_WARN_DOCUMENTATION_COMMENTS = YES;
				CLANG_WARN_EMPTY_BODY = YES;
				CLANG_WARN_ENUM_CONVERSION = YES;
				CLANG_WARN_INFINITE_RECURSION = YES;
				CLANG_WARN_INT_CONVERSION = YES;
				CLANG_WARN_OBJC_ROOT_CLASS = YES_ERROR;
				CLANG_WARN_SUSPICIOUS_MOVES = YES;
				CLANG_WARN_UNREACHABLE_CODE = YES;
				CLANG_WARN__DUPLICATE_METHOD_MATCH = YES;
				"CODE_SIGN_IDENTITY[sdk=iphoneos*]" = "iPhone Developer";
				COPY_PHASE_STRIP = NO;
				DEBUG_INFORMATION_FORMAT = "dwarf-with-dsym";
				ENABLE_NS_ASSERTIONS = NO;
				ENABLE_STRICT_OBJC_MSGSEND = YES;
				GCC_C_LANGUAGE_STANDARD = gnu99;
				GCC_NO_COMMON_BLOCKS = YES;
				GCC_WARN_64_TO_32_BIT_CONVERSION = YES;
				GCC_WARN_ABOUT_RETURN_TYPE = YES_ERROR;
				GCC_WARN_UNDECLARED_SELECTOR = YES;
				GCC_WARN_UNINITIALIZED_AUTOS = YES_AGGRESSIVE;
				GCC_WARN_UNUSED_FUNCTION = YES;
				GCC_WARN_UNUSED_VARIABLE = YES;
				IPHONEOS_DEPLOYMENT_TARGET = 10.0;
				MTL_ENABLE_DEBUG_INFO = NO;
				SDKROOT = iphoneos;
				SWIFT_OPTIMIZATION_LEVEL = "-Owholemodule";
				VALIDATE_PRODUCT = YES;
			};
			name = Release;
		};
		C73E10AF1D8E417D008E475F /* Debug */ = {
			isa = XCBuildConfiguration;
			buildSettings = {
				ASSETCATALOG_COMPILER_APPICON_NAME = AppIcon;
				INFOPLIST_FILE = RentWorks/Info.plist;
				LD_RUNPATH_SEARCH_PATHS = "$(inherited) @executable_path/Frameworks";
				PRODUCT_BUNDLE_IDENTIFIER = smoosh911.RentWorks;
				PRODUCT_NAME = "$(TARGET_NAME)";
				SWIFT_VERSION = 3.0;
			};
			name = Debug;
		};
		C73E10B01D8E417D008E475F /* Release */ = {
			isa = XCBuildConfiguration;
			buildSettings = {
				ASSETCATALOG_COMPILER_APPICON_NAME = AppIcon;
				INFOPLIST_FILE = RentWorks/Info.plist;
				LD_RUNPATH_SEARCH_PATHS = "$(inherited) @executable_path/Frameworks";
				PRODUCT_BUNDLE_IDENTIFIER = smoosh911.RentWorks;
				PRODUCT_NAME = "$(TARGET_NAME)";
				SWIFT_VERSION = 3.0;
			};
			name = Release;
		};
		C73E10B21D8E417D008E475F /* Debug */ = {
			isa = XCBuildConfiguration;
			buildSettings = {
				ALWAYS_EMBED_SWIFT_STANDARD_LIBRARIES = YES;
				BUNDLE_LOADER = "$(TEST_HOST)";
				INFOPLIST_FILE = RentWorksTests/Info.plist;
				LD_RUNPATH_SEARCH_PATHS = "$(inherited) @executable_path/Frameworks @loader_path/Frameworks";
				PRODUCT_BUNDLE_IDENTIFIER = smoosh911.RentWorksTests;
				PRODUCT_NAME = "$(TARGET_NAME)";
				SWIFT_VERSION = 3.0;
				TEST_HOST = "$(BUILT_PRODUCTS_DIR)/RentWorks.app/RentWorks";
			};
			name = Debug;
		};
		C73E10B31D8E417D008E475F /* Release */ = {
			isa = XCBuildConfiguration;
			buildSettings = {
				ALWAYS_EMBED_SWIFT_STANDARD_LIBRARIES = YES;
				BUNDLE_LOADER = "$(TEST_HOST)";
				INFOPLIST_FILE = RentWorksTests/Info.plist;
				LD_RUNPATH_SEARCH_PATHS = "$(inherited) @executable_path/Frameworks @loader_path/Frameworks";
				PRODUCT_BUNDLE_IDENTIFIER = smoosh911.RentWorksTests;
				PRODUCT_NAME = "$(TARGET_NAME)";
				SWIFT_VERSION = 3.0;
				TEST_HOST = "$(BUILT_PRODUCTS_DIR)/RentWorks.app/RentWorks";
			};
			name = Release;
		};
		C73E10B51D8E417D008E475F /* Debug */ = {
			isa = XCBuildConfiguration;
			buildSettings = {
				ALWAYS_EMBED_SWIFT_STANDARD_LIBRARIES = YES;
				INFOPLIST_FILE = RentWorksUITests/Info.plist;
				LD_RUNPATH_SEARCH_PATHS = "$(inherited) @executable_path/Frameworks @loader_path/Frameworks";
				PRODUCT_BUNDLE_IDENTIFIER = smoosh911.RentWorksUITests;
				PRODUCT_NAME = "$(TARGET_NAME)";
				SWIFT_VERSION = 3.0;
				TEST_TARGET_NAME = RentWorks;
			};
			name = Debug;
		};
		C73E10B61D8E417D008E475F /* Release */ = {
			isa = XCBuildConfiguration;
			buildSettings = {
				ALWAYS_EMBED_SWIFT_STANDARD_LIBRARIES = YES;
				INFOPLIST_FILE = RentWorksUITests/Info.plist;
				LD_RUNPATH_SEARCH_PATHS = "$(inherited) @executable_path/Frameworks @loader_path/Frameworks";
				PRODUCT_BUNDLE_IDENTIFIER = smoosh911.RentWorksUITests;
				PRODUCT_NAME = "$(TARGET_NAME)";
				SWIFT_VERSION = 3.0;
				TEST_TARGET_NAME = RentWorks;
			};
			name = Release;
		};
/* End XCBuildConfiguration section */

/* Begin XCConfigurationList section */
		C73E107E1D8E417D008E475F /* Build configuration list for PBXProject "RentWorks" */ = {
			isa = XCConfigurationList;
			buildConfigurations = (
				C73E10AC1D8E417D008E475F /* Debug */,
				C73E10AD1D8E417D008E475F /* Release */,
			);
			defaultConfigurationIsVisible = 0;
			defaultConfigurationName = Release;
		};
		C73E10AE1D8E417D008E475F /* Build configuration list for PBXNativeTarget "RentWorks" */ = {
			isa = XCConfigurationList;
			buildConfigurations = (
				C73E10AF1D8E417D008E475F /* Debug */,
				C73E10B01D8E417D008E475F /* Release */,
			);
			defaultConfigurationIsVisible = 0;
			defaultConfigurationName = Release;
		};
		C73E10B11D8E417D008E475F /* Build configuration list for PBXNativeTarget "RentWorksTests" */ = {
			isa = XCConfigurationList;
			buildConfigurations = (
				C73E10B21D8E417D008E475F /* Debug */,
				C73E10B31D8E417D008E475F /* Release */,
			);
			defaultConfigurationIsVisible = 0;
			defaultConfigurationName = Release;
		};
		C73E10B41D8E417D008E475F /* Build configuration list for PBXNativeTarget "RentWorksUITests" */ = {
			isa = XCConfigurationList;
			buildConfigurations = (
				C73E10B51D8E417D008E475F /* Debug */,
				C73E10B61D8E417D008E475F /* Release */,
			);
			defaultConfigurationIsVisible = 0;
			defaultConfigurationName = Release;
		};
/* End XCConfigurationList section */

/* Begin XCVersionGroup section */
		C73E108D1D8E417D008E475F /* RentWorks.xcdatamodeld */ = {
			isa = XCVersionGroup;
			children = (
				C73E108E1D8E417D008E475F /* RentWorks.xcdatamodel */,
			);
			currentVersion = C73E108E1D8E417D008E475F /* RentWorks.xcdatamodel */;
			path = RentWorks.xcdatamodeld;
			sourceTree = "<group>";
			versionGroupType = wrapper.xcdatamodel;
		};
/* End XCVersionGroup section */
	};
	rootObject = C73E107B1D8E417D008E475F /* Project object */;
}
